
Microsoft Visual Studio Solution File, Format Version 12.00
# Visual Studio 15
VisualStudioVersion = 15.0.26730.12
MinimumVisualStudioVersion = 10.0.40219.1
Project("{FAE04EC0-301F-11D3-BF4B-00C04F79EFBC}") = "OnionNetCore.API", "OnionNetCore\OnionNetCore.API.csproj", "{EDE57AAB-C042-4E12-99E7-6A5E23E2C2B9}"
EndProject
Project("{2150E333-8FDC-42A3-9474-1A3956D46DE8}") = "src", "src", "{30CB555D-DB35-486D-8670-21802333DE58}"
EndProject
Project("{FAE04EC0-301F-11D3-BF4B-00C04F79EFBC}") = "OnionNetCore.Core", "OnionNetCore.Core\OnionNetCore.Core.csproj", "{4C3D6257-F5B6-4F8E-AAC9-27A60688CEAC}"
EndProject
Project("{FAE04EC0-301F-11D3-BF4B-00C04F79EFBC}") = "OnionNetCore.Infrastructure", "OnionNetCore.Infrastructure\OnionNetCore.Infrastructure.csproj", "{6145CE53-94FF-4D92-AED1-43E5EE19D169}"
EndProject
Global
	GlobalSection(SolutionConfigurationPlatforms) = preSolution
		Debug|Any CPU = Debug|Any CPU
		Release|Any CPU = Release|Any CPU
	EndGlobalSection
	GlobalSection(ProjectConfigurationPlatforms) = postSolution
		{EDE57AAB-C042-4E12-99E7-6A5E23E2C2B9}.Debug|Any CPU.ActiveCfg = Debug|Any CPU
		{EDE57AAB-C042-4E12-99E7-6A5E23E2C2B9}.Debug|Any CPU.Build.0 = Debug|Any CPU
		{EDE57AAB-C042-4E12-99E7-6A5E23E2C2B9}.Release|Any CPU.ActiveCfg = Release|Any CPU
		{EDE57AAB-C042-4E12-99E7-6A5E23E2C2B9}.Release|Any CPU.Build.0 = Release|Any CPU
		{4C3D6257-F5B6-4F8E-AAC9-27A60688CEAC}.Debug|Any CPU.ActiveCfg = Debug|Any CPU
		{4C3D6257-F5B6-4F8E-AAC9-27A60688CEAC}.Debug|Any CPU.Build.0 = Debug|Any CPU
		{4C3D6257-F5B6-4F8E-AAC9-27A60688CEAC}.Release|Any CPU.ActiveCfg = Release|Any CPU
		{4C3D6257-F5B6-4F8E-AAC9-27A60688CEAC}.Release|Any CPU.Build.0 = Release|Any CPU
		{6145CE53-94FF-4D92-AED1-43E5EE19D169}.Debug|Any CPU.ActiveCfg = Debug|Any CPU
		{6145CE53-94FF-4D92-AED1-43E5EE19D169}.Debug|Any CPU.Build.0 = Debug|Any CPU
		{6145CE53-94FF-4D92-AED1-43E5EE19D169}.Release|Any CPU.ActiveCfg = Release|Any CPU
		{6145CE53-94FF-4D92-AED1-43E5EE19D169}.Release|Any CPU.Build.0 = Release|Any CPU
	EndGlobalSection
	GlobalSection(SolutionProperties) = preSolution
		HideSolutionNode = FALSE
	EndGlobalSection
	GlobalSection(NestedProjects) = preSolution
		{EDE57AAB-C042-4E12-99E7-6A5E23E2C2B9} = {30CB555D-DB35-486D-8670-21802333DE58}
		{4C3D6257-F5B6-4F8E-AAC9-27A60688CEAC} = {30CB555D-DB35-486D-8670-21802333DE58}
		{6145CE53-94FF-4D92-AED1-43E5EE19D169} = {30CB555D-DB35-486D-8670-21802333DE58}
	EndGlobalSection
	GlobalSection(ExtensibilityGlobals) = postSolution
		SolutionGuid = {CA641FFD-8414-4734-B3F0-C478A8549E14}
	EndGlobalSection
EndGlobal
